
Microsoft Visual Studio Solution File, Format Version 12.00
# Visual Studio 14
VisualStudioVersion = 14.0.25123.0
MinimumVisualStudioVersion = 10.0.40219.1
Project("{FAE04EC0-301F-11D3-BF4B-00C04F79EFBC}") = "RandomQuoteSA", "RandomQuoteSA\RandomQuoteSA.csproj", "{06200145-8BE0-45E7-B344-21D4341EA5A7}"
EndProject
Project("{FAE04EC0-301F-11D3-BF4B-00C04F79EFBC}") = "RandomQuoteSA.Tests", "RandomQuoteSA.Tests\RandomQuoteSA.Tests.csproj", "{A44B285B-07B2-43A7-BC70-3E0CF19088BB}"
EndProject
Global
	GlobalSection(SolutionConfigurationPlatforms) = preSolution
		Debug|Any CPU = Debug|Any CPU
		Release|Any CPU = Release|Any CPU
	EndGlobalSection
	GlobalSection(ProjectConfigurationPlatforms) = postSolution
		{06200145-8BE0-45E7-B344-21D4341EA5A7}.Debug|Any CPU.ActiveCfg = Debug|Any CPU
		{06200145-8BE0-45E7-B344-21D4341EA5A7}.Debug|Any CPU.Build.0 = Debug|Any CPU
		{06200145-8BE0-45E7-B344-21D4341EA5A7}.Release|Any CPU.ActiveCfg = Release|Any CPU
		{06200145-8BE0-45E7-B344-21D4341EA5A7}.Release|Any CPU.Build.0 = Release|Any CPU
		{A44B285B-07B2-43A7-BC70-3E0CF19088BB}.Debug|Any CPU.ActiveCfg = Debug|Any CPU
		{A44B285B-07B2-43A7-BC70-3E0CF19088BB}.Debug|Any CPU.Build.0 = Debug|Any CPU
		{A44B285B-07B2-43A7-BC70-3E0CF19088BB}.Release|Any CPU.ActiveCfg = Release|Any CPU
		{A44B285B-07B2-43A7-BC70-3E0CF19088BB}.Release|Any CPU.Build.0 = Release|Any CPU
	EndGlobalSection
	GlobalSection(SolutionProperties) = preSolution
		HideSolutionNode = FALSE
	EndGlobalSection
EndGlobal
